// !$*UTF8*$!
{
	archiveVersion = 1;
	classes = {
	};
	objectVersion = 42;
	objects = {

/* Begin PBXFileReference section */
		30166718127D98EC00818095 /* main.m */ = {isa = PBXFileReference; fileEncoding = 4; lastKnownFileType = sourcecode.c.objc; path = main.m; sourceTree = "<group>"; };
/* End PBXFileReference section */

/* Begin PBXGroup section */
		3016670C127D984500818095 = {
			isa = PBXGroup;
			children = (
				30166718127D98EC00818095 /* main.m */,
			);
			sourceTree = "<group>";
		};
/* End PBXGroup section */

/* Begin PBXProject section */
		3016670E127D984500818095 /* Project object */ = {
			isa = PBXProject;
			buildConfigurationList = 30166711127D984500818095 /* Build configuration list for PBXProject "blocks" */;
			compatibilityVersion = "Xcode 2.4";
			hasScannedForEncodings = 0;
			mainGroup = 3016670C127D984500818095;
			projectDirPath = "";
			projectRoot = "";
			targets = (
			);
		};
/* End PBXProject section */

/* Begin XCBuildConfiguration section */
		3016670F127D984500818095 /* Debug */ = {
			isa = XCBuildConfiguration;
			buildSettings = {
				COPY_PHASE_STRIP = NO;
			};
			name = Debug;
		};
		30166710127D984500818095 /* Release */ = {
			isa = XCBuildConfiguration;
			buildSettings = {
				COPY_PHASE_STRIP = YES;
			};
			name = Release;
		};
/* End XCBuildConfiguration section */

/* Begin XCConfigurationList section */
		30166711127D984500818095 /* Build configuration list for PBXProject "blocks" */ = {
			isa = XCConfigurationList;
			buildConfigurations = (
				3016670F127D984500818095 /* Debug */,
				30166710127D984500818095 /* Release */,
			);
			defaultConfigurationIsVisible = 0;
			defaultConfigurationName = Release;
		};
/* End XCConfigurationList section */
	};
	rootObject = 3016670E127D984500818095 /* Project object */;
}
